
Microsoft Visual Studio Solution File, Format Version 12.00
# Visual Studio Version 16
VisualStudioVersion = 16.0.29728.190
MinimumVisualStudioVersion = 10.0.40219.1
Project("{FAE04EC0-301F-11D3-BF4B-00C04F79EFBC}") = "MusicPlayer", "MusicPlayer.csproj", "{CFA861B0-5DA9-446E-8732-F2B398FE1CD3}"
EndProject
Global
	GlobalSection(SolutionConfigurationPlatforms) = preSolution
		Debug|Any CPU = Debug|Any CPU
		Debug|x64 = Debug|x64
		Release|Any CPU = Release|Any CPU
		Release|x64 = Release|x64
	EndGlobalSection
	GlobalSection(ProjectConfigurationPlatforms) = postSolution
		{CFA861B0-5DA9-446E-8732-F2B398FE1CD3}.Debug|Any CPU.ActiveCfg = Debug|Any CPU
		{CFA861B0-5DA9-446E-8732-F2B398FE1CD3}.Debug|Any CPU.Build.0 = Debug|Any CPU
		{CFA861B0-5DA9-446E-8732-F2B398FE1CD3}.Debug|x64.ActiveCfg = Debug|x64
		{CFA861B0-5DA9-446E-8732-F2B398FE1CD3}.Debug|x64.Build.0 = Debug|x64
		{CFA861B0-5DA9-446E-8732-F2B398FE1CD3}.Release|Any CPU.ActiveCfg = Release|Any CPU
		{CFA861B0-5DA9-446E-8732-F2B398FE1CD3}.Release|Any CPU.Build.0 = Release|Any CPU
		{CFA861B0-5DA9-446E-8732-F2B398FE1CD3}.Release|x64.ActiveCfg = Release|x64
		{CFA861B0-5DA9-446E-8732-F2B398FE1CD3}.Release|x64.Build.0 = Release|x64
	EndGlobalSection
	GlobalSection(SolutionProperties) = preSolution
		HideSolutionNode = FALSE
	EndGlobalSection
	GlobalSection(ExtensibilityGlobals) = postSolution
		SolutionGuid = {A98DECD2-DA07-4020-9174-D06E40AD22E7}
	EndGlobalSection
EndGlobal
